{
    "_readme": [
        "This file locks the dependencies of your project to a known state",
        "Read more about it at https://getcomposer.org/doc/01-basic-usage.md#installing-dependencies",
        "This file is @generated automatically"
    ],
    "content-hash": "352524a027d901a15b42cc43ee4bd646",
    "packages": [
        {
            "name": "google/protobuf",
            "version": "v3.25.1",
            "source": {
                "type": "git",
                "url": "https://github.com/protocolbuffers/protobuf-php.git",
                "reference": "1fb247e72df401c863ed239c1660f981644af5db"
            },
            "dist": {
                "type": "zip",
                "url": "https://api.github.com/repos/protocolbuffers/protobuf-php/zipball/1fb247e72df401c863ed239c1660f981644af5db",
                "reference": "1fb247e72df401c863ed239c1660f981644af5db",
                "shasum": ""
            },
            "require": {
                "php": ">=7.0.0"
            },
            "require-dev": {
                "phpunit/phpunit": ">=5.0.0"
            },
            "suggest": {
                "ext-bcmath": "Need to support JSON deserialization"
            },
            "type": "library",
            "autoload": {
                "psr-4": {
                    "Google\\Protobuf\\": "src/Google/Protobuf",
                    "GPBMetadata\\Google\\Protobuf\\": "src/GPBMetadata/Google/Protobuf"
                }
            },
            "notification-url": "https://packagist.org/downloads/",
            "license": [
                "BSD-3-Clause"
            ],
            "description": "proto library for PHP",
            "homepage": "https://developers.google.com/protocol-buffers/",
            "keywords": [
                "proto"
            ],
            "support": {
                "source": "https://github.com/protocolbuffers/protobuf-php/tree/v3.25.1"
            },
            "time": "2023-11-15T21:36:03+00:00"
        },
        {
            "name": "grpc/grpc",
            "version": "1.57.0",
            "source": {
                "type": "git",
                "url": "https://github.com/grpc/grpc-php.git",
                "reference": "b610c42022ed3a22f831439cb93802f2a4502fdf"
            },
            "dist": {
                "type": "zip",
                "url": "https://api.github.com/repos/grpc/grpc-php/zipball/b610c42022ed3a22f831439cb93802f2a4502fdf",
                "reference": "b610c42022ed3a22f831439cb93802f2a4502fdf",
                "shasum": ""
            },
            "require": {
                "php": ">=7.0.0"
            },
            "require-dev": {
                "google/auth": "^v1.3.0"
            },
            "suggest": {
                "ext-protobuf": "For better performance, install the protobuf C extension.",
                "google/protobuf": "To get started using grpc quickly, install the native protobuf library."
            },
            "type": "library",
            "autoload": {
                "psr-4": {
                    "Grpc\\": "src/lib/"
                }
            },
            "notification-url": "https://packagist.org/downloads/",
            "license": [
                "Apache-2.0"
            ],
            "description": "gRPC library for PHP",
            "homepage": "https://grpc.io",
            "keywords": [
                "rpc"
            ],
            "support": {
                "source": "https://github.com/grpc/grpc-php/tree/v1.57.0"
            },
            "time": "2023-08-14T23:57:54+00:00"
        },
        {
            "name": "open-telemetry/api",
            "version": "1.0.0",
            "source": {
                "type": "git",
                "url": "https://github.com/opentelemetry-php/api.git",
                "reference": "d577d732333d38a9a6c16936363ee25f1e3f1c3c"
            },
            "dist": {
                "type": "zip",
                "url": "https://api.github.com/repos/opentelemetry-php/api/zipball/d577d732333d38a9a6c16936363ee25f1e3f1c3c",
                "reference": "d577d732333d38a9a6c16936363ee25f1e3f1c3c",
                "shasum": ""
            },
            "require": {
                "open-telemetry/context": "^1.0",
                "php": "^7.4 || ^8.0",
                "psr/log": "^1.1|^2.0|^3.0",
                "symfony/polyfill-php80": "^1.26",
                "symfony/polyfill-php81": "^1.26",
                "symfony/polyfill-php82": "^1.26"
            },
            "type": "library",
            "extra": {
                "branch-alias": {
                    "dev-main": "1.0.x-dev"
                }
            },
            "autoload": {
                "files": [
                    "Trace/functions.php"
                ],
                "psr-4": {
                    "OpenTelemetry\\API\\": "."
                }
            },
            "notification-url": "https://packagist.org/downloads/",
            "license": [
                "Apache-2.0"
            ],
            "authors": [
                {
                    "name": "opentelemetry-php contributors",
                    "homepage": "https://github.com/open-telemetry/opentelemetry-php/graphs/contributors"
                }
            ],
            "description": "API for OpenTelemetry PHP.",
            "keywords": [
                "Metrics",
                "api",
                "apm",
                "logging",
                "opentelemetry",
                "otel",
                "tracing"
            ],
            "support": {
                "chat": "https://app.slack.com/client/T08PSQ7BQ/C01NFPCV44V",
                "docs": "https://opentelemetry.io/docs/php",
                "issues": "https://github.com/open-telemetry/opentelemetry-php/issues",
                "source": "https://github.com/open-telemetry/opentelemetry-php"
            },
            "time": "2023-09-27T23:15:51+00:00"
        },
        {
            "name": "open-telemetry/context",
            "version": "1.0.0",
            "source": {
                "type": "git",
                "url": "https://github.com/opentelemetry-php/context.git",
                "reference": "99f3d54fa9f9ff67421774feeef5e5b1f209ea21"
            },
            "dist": {
                "type": "zip",
                "url": "https://api.github.com/repos/opentelemetry-php/context/zipball/99f3d54fa9f9ff67421774feeef5e5b1f209ea21",
                "reference": "99f3d54fa9f9ff67421774feeef5e5b1f209ea21",
                "shasum": ""
            },
            "require": {
                "php": "^7.4 || ^8.0",
                "symfony/polyfill-php80": "^1.26",
                "symfony/polyfill-php81": "^1.26",
                "symfony/polyfill-php82": "^1.26"
            },
            "suggest": {
                "ext-ffi": "To allow context switching in Fibers"
            },
            "type": "library",
            "extra": {
                "branch-alias": {
                    "dev-main": "1.0.x-dev"
                }
            },
            "autoload": {
                "files": [
                    "fiber/initialize_fiber_handler.php"
                ],
                "psr-4": {
                    "OpenTelemetry\\Context\\": "."
                }
            },
            "notification-url": "https://packagist.org/downloads/",
            "license": [
                "Apache-2.0"
            ],
            "authors": [
                {
                    "name": "opentelemetry-php contributors",
                    "homepage": "https://github.com/open-telemetry/opentelemetry-php/graphs/contributors"
                }
            ],
            "description": "Context implementation for OpenTelemetry PHP.",
            "keywords": [
                "Context",
                "opentelemetry",
                "otel"
            ],
            "support": {
                "chat": "https://app.slack.com/client/T08PSQ7BQ/C01NFPCV44V",
                "docs": "https://opentelemetry.io/docs/php",
                "issues": "https://github.com/open-telemetry/opentelemetry-php/issues",
                "source": "https://github.com/open-telemetry/opentelemetry-php"
            },
            "time": "2023-09-05T03:38:44+00:00"
        },
        {
            "name": "open-telemetry/exporter-otlp",
            "version": "1.0.0",
            "source": {
                "type": "git",
                "url": "https://github.com/opentelemetry-php/exporter-otlp.git",
                "reference": "756092bdff472ea49adb7843c74011606d065b36"
            },
            "dist": {
                "type": "zip",
                "url": "https://api.github.com/repos/opentelemetry-php/exporter-otlp/zipball/756092bdff472ea49adb7843c74011606d065b36",
                "reference": "756092bdff472ea49adb7843c74011606d065b36",
                "shasum": ""
            },
            "require": {
                "open-telemetry/api": "^1.0",
                "open-telemetry/gen-otlp-protobuf": "^1.0",
                "open-telemetry/sdk": "^1.0",
                "php": "^7.4 || ^8.0",
                "php-http/discovery": "^1.14"
            },
            "type": "library",
            "extra": {
                "branch-alias": {
                    "dev-main": "1.0.x-dev"
                }
            },
            "autoload": {
                "files": [
                    "_register.php"
                ],
                "psr-4": {
                    "OpenTelemetry\\Contrib\\Otlp\\": "."
                }
            },
            "notification-url": "https://packagist.org/downloads/",
            "license": [
                "Apache-2.0"
            ],
            "authors": [
                {
                    "name": "opentelemetry-php contributors",
                    "homepage": "https://github.com/open-telemetry/opentelemetry-php/graphs/contributors"
                }
            ],
            "description": "OTLP exporter for OpenTelemetry.",
            "keywords": [
                "Metrics",
                "exporter",
                "gRPC",
                "http",
                "opentelemetry",
                "otel",
                "otlp",
                "tracing"
            ],
            "support": {
                "chat": "https://app.slack.com/client/T08PSQ7BQ/C01NFPCV44V",
                "docs": "https://opentelemetry.io/docs/php",
                "issues": "https://github.com/open-telemetry/opentelemetry-php/issues",
                "source": "https://github.com/open-telemetry/opentelemetry-php"
            },
            "time": "2023-10-13T00:48:23+00:00"
        },
        {
            "name": "open-telemetry/gen-otlp-protobuf",
            "version": "1.0.0",
            "source": {
                "type": "git",
                "url": "https://github.com/opentelemetry-php/gen-otlp-protobuf.git",
                "reference": "30fe95f10c2ec1a577f78257c86fbbebe739ca5e"
            },
            "dist": {
                "type": "zip",
                "url": "https://api.github.com/repos/opentelemetry-php/gen-otlp-protobuf/zipball/30fe95f10c2ec1a577f78257c86fbbebe739ca5e",
                "reference": "30fe95f10c2ec1a577f78257c86fbbebe739ca5e",
                "shasum": ""
            },
            "require": {
                "google/protobuf": "^3.3.0",
                "php": "^7.4 || ^8.0"
            },
            "suggest": {
                "ext-protobuf": "For better performance, when dealing with the protobuf format"
            },
            "type": "library",
            "extra": {
                "branch-alias": {
                    "dev-main": "1.x-dev"
                }
            },
            "autoload": {
                "psr-4": {
                    "Opentelemetry\\Proto\\": "Opentelemetry/Proto/",
                    "GPBMetadata\\Opentelemetry\\": "GPBMetadata/Opentelemetry/"
                }
            },
            "notification-url": "https://packagist.org/downloads/",
            "license": [
                "Apache-2.0"
            ],
            "authors": [
                {
                    "name": "opentelemetry-php contributors",
                    "homepage": "https://github.com/open-telemetry/opentelemetry-php/graphs/contributors"
                }
            ],
            "description": "PHP protobuf files for communication with OpenTelemetry OTLP collectors/servers.",
            "keywords": [
                "Metrics",
                "apm",
                "gRPC",
                "logging",
                "opentelemetry",
                "otel",
                "otlp",
                "protobuf",
                "tracing"
            ],
            "support": {
                "chat": "https://app.slack.com/client/T08PSQ7BQ/C01NFPCV44V",
                "docs": "https://opentelemetry.io/docs/php",
                "issues": "https://github.com/open-telemetry/opentelemetry-php/issues",
                "source": "https://github.com/open-telemetry/opentelemetry-php"
            },
            "time": "2023-09-05T03:38:44+00:00"
        },
        {
            "name": "open-telemetry/sdk",
            "version": "1.0.0",
            "source": {
                "type": "git",
                "url": "https://github.com/opentelemetry-php/sdk.git",
                "reference": "1c6020b4f1b85fdd647538ee46f6c83360d7c11e"
            },
            "dist": {
                "type": "zip",
                "url": "https://api.github.com/repos/opentelemetry-php/sdk/zipball/1c6020b4f1b85fdd647538ee46f6c83360d7c11e",
                "reference": "1c6020b4f1b85fdd647538ee46f6c83360d7c11e",
                "shasum": ""
            },
            "require": {
                "ext-json": "*",
                "open-telemetry/api": "^1.0",
                "open-telemetry/context": "^1.0",
                "open-telemetry/sem-conv": "^1.0",
                "php": "^7.4 || ^8.0",
                "php-http/discovery": "^1.14",
                "psr/http-client": "^1.0",
                "psr/http-client-implementation": "^1.0",
                "psr/http-factory-implementation": "^1.0",
                "psr/http-message": "^1.0.1|^2.0",
                "psr/log": "^1.1|^2.0|^3.0",
                "symfony/polyfill-mbstring": "^1.23",
                "symfony/polyfill-php80": "^1.26",
                "symfony/polyfill-php81": "^1.26",
                "symfony/polyfill-php82": "^1.26"
            },
            "suggest": {
                "ext-gmp": "To support unlimited number of synchronous metric readers",
                "ext-mbstring": "To increase performance of string operations"
            },
            "type": "library",
            "extra": {
                "branch-alias": {
                    "dev-main": "1.0.x-dev"
                }
            },
            "autoload": {
                "files": [
                    "Common/Util/functions.php",
                    "Logs/Exporter/_register.php",
                    "Metrics/MetricExporter/_register.php",
                    "Propagation/_register.php",
                    "Trace/SpanExporter/_register.php",
                    "Common/Dev/Compatibility/_load.php",
                    "_autoload.php"
                ],
                "psr-4": {
                    "OpenTelemetry\\SDK\\": "."
                }
            },
            "notification-url": "https://packagist.org/downloads/",
            "license": [
                "Apache-2.0"
            ],
            "authors": [
                {
                    "name": "opentelemetry-php contributors",
                    "homepage": "https://github.com/open-telemetry/opentelemetry-php/graphs/contributors"
                }
            ],
            "description": "SDK for OpenTelemetry PHP.",
            "keywords": [
                "Metrics",
                "apm",
                "logging",
                "opentelemetry",
                "otel",
                "sdk",
                "tracing"
            ],
            "support": {
                "chat": "https://app.slack.com/client/T08PSQ7BQ/C01NFPCV44V",
                "docs": "https://opentelemetry.io/docs/php",
                "issues": "https://github.com/open-telemetry/opentelemetry-php/issues",
                "source": "https://github.com/open-telemetry/opentelemetry-php"
            },
            "time": "2023-10-18T20:53:08+00:00"
        },
        {
            "name": "open-telemetry/sem-conv",
            "version": "1.23.1",
            "source": {
                "type": "git",
                "url": "https://github.com/opentelemetry-php/sem-conv.git",
                "reference": "6921f9450510bf8e87c737f731ff818de05bf9c4"
            },
            "dist": {
                "type": "zip",
                "url": "https://api.github.com/repos/opentelemetry-php/sem-conv/zipball/6921f9450510bf8e87c737f731ff818de05bf9c4",
                "reference": "6921f9450510bf8e87c737f731ff818de05bf9c4",
                "shasum": ""
            },
            "require": {
                "php": "^7.4 || ^8.0"
            },
            "type": "library",
            "extra": {
                "branch-alias": {
                    "dev-main": "1.x-dev"
                }
            },
            "autoload": {
                "psr-4": {
                    "OpenTelemetry\\SemConv\\": "."
                }
            },
            "notification-url": "https://packagist.org/downloads/",
            "license": [
                "Apache-2.0"
            ],
            "authors": [
                {
                    "name": "opentelemetry-php contributors",
                    "homepage": "https://github.com/open-telemetry/opentelemetry-php/graphs/contributors"
                }
            ],
            "description": "Semantic conventions for OpenTelemetry PHP.",
            "keywords": [
                "Metrics",
                "apm",
                "logging",
                "opentelemetry",
                "otel",
                "semantic conventions",
                "semconv",
                "tracing"
            ],
            "support": {
                "chat": "https://app.slack.com/client/T08PSQ7BQ/C01NFPCV44V",
                "docs": "https://opentelemetry.io/docs/php",
                "issues": "https://github.com/open-telemetry/opentelemetry-php/issues",
                "source": "https://github.com/open-telemetry/opentelemetry-php"
            },
            "time": "2023-11-21T22:12:22+00:00"
        },
        {
            "name": "open-telemetry/transport-grpc",
            "version": "1.0.0",
            "source": {
                "type": "git",
                "url": "https://github.com/opentelemetry-php/transport-grpc.git",
                "reference": "8af023befde1e2614fc40e0160b9c7c594614977"
            },
            "dist": {
                "type": "zip",
                "url": "https://api.github.com/repos/opentelemetry-php/transport-grpc/zipball/8af023befde1e2614fc40e0160b9c7c594614977",
                "reference": "8af023befde1e2614fc40e0160b9c7c594614977",
                "shasum": ""
            },
            "require": {
                "ext-grpc": "*",
                "grpc/grpc": "*",
                "open-telemetry/sdk": "^1.0",
                "php": "^7.4 || ^8.0"
            },
            "type": "library",
            "extra": {
                "branch-alias": {
                    "dev-main": "1.0.x-dev"
                }
            },
            "autoload": {
                "files": [
                    "_register.php"
                ],
                "psr-4": {
                    "OpenTelemetry\\Contrib\\Grpc\\": "."
                }
            },
            "notification-url": "https://packagist.org/downloads/",
            "license": [
                "Apache-2.0"
            ],
            "authors": [
                {
                    "name": "opentelemetry-php contributors",
                    "homepage": "https://github.com/open-telemetry/opentelemetry-php/graphs/contributors"
                }
            ],
            "description": "gRPC transport for OpenTelemetry PHP.",
            "keywords": [
                "contrib",
                "gRPC",
                "opentelemetry",
                "otel",
                "otlp",
                "tracing",
                "transport"
            ],
            "support": {
                "chat": "https://app.slack.com/client/T08PSQ7BQ/C01NFPCV44V",
                "docs": "https://opentelemetry.io/docs/php",
                "issues": "https://github.com/open-telemetry/opentelemetry-php/issues",
                "source": "https://github.com/open-telemetry/opentelemetry-php"
            },
            "time": "2023-09-05T03:38:44+00:00"
        },
        {
            "name": "php-http/discovery",
            "version": "1.19.2",
            "source": {
                "type": "git",
                "url": "https://github.com/php-http/discovery.git",
                "reference": "61e1a1eb69c92741f5896d9e05fb8e9d7e8bb0cb"
            },
            "dist": {
                "type": "zip",
                "url": "https://api.github.com/repos/php-http/discovery/zipball/61e1a1eb69c92741f5896d9e05fb8e9d7e8bb0cb",
                "reference": "61e1a1eb69c92741f5896d9e05fb8e9d7e8bb0cb",
                "shasum": ""
            },
            "require": {
                "composer-plugin-api": "^1.0|^2.0",
                "php": "^7.1 || ^8.0"
            },
            "conflict": {
                "nyholm/psr7": "<1.0",
                "zendframework/zend-diactoros": "*"
            },
            "provide": {
                "php-http/async-client-implementation": "*",
                "php-http/client-implementation": "*",
                "psr/http-client-implementation": "*",
                "psr/http-factory-implementation": "*",
                "psr/http-message-implementation": "*"
            },
            "require-dev": {
                "composer/composer": "^1.0.2|^2.0",
                "graham-campbell/phpspec-skip-example-extension": "^5.0",
                "php-http/httplug": "^1.0 || ^2.0",
                "php-http/message-factory": "^1.0",
                "phpspec/phpspec": "^5.1 || ^6.1 || ^7.3",
                "symfony/phpunit-bridge": "^6.2"
            },
            "type": "composer-plugin",
            "extra": {
                "class": "Http\\Discovery\\Composer\\Plugin",
                "plugin-optional": true
            },
            "autoload": {
                "psr-4": {
                    "Http\\Discovery\\": "src/"
                },
                "exclude-from-classmap": [
                    "src/Composer/Plugin.php"
                ]
            },
            "notification-url": "https://packagist.org/downloads/",
            "license": [
                "MIT"
            ],
            "authors": [
                {
                    "name": "Márk Sági-Kazár",
                    "email": "mark.sagikazar@gmail.com"
                }
            ],
            "description": "Finds and installs PSR-7, PSR-17, PSR-18 and HTTPlug implementations",
            "homepage": "http://php-http.org",
            "keywords": [
                "adapter",
                "client",
                "discovery",
                "factory",
                "http",
                "message",
                "psr17",
                "psr7"
            ],
            "support": {
                "issues": "https://github.com/php-http/discovery/issues",
                "source": "https://github.com/php-http/discovery/tree/1.19.2"
            },
            "time": "2023-11-30T16:49:05+00:00"
        },
        {
            "name": "psr/http-client",
            "version": "1.0.3",
            "source": {
                "type": "git",
                "url": "https://github.com/php-fig/http-client.git",
                "reference": "bb5906edc1c324c9a05aa0873d40117941e5fa90"
            },
            "dist": {
                "type": "zip",
                "url": "https://api.github.com/repos/php-fig/http-client/zipball/bb5906edc1c324c9a05aa0873d40117941e5fa90",
                "reference": "bb5906edc1c324c9a05aa0873d40117941e5fa90",
                "shasum": ""
            },
            "require": {
                "php": "^7.0 || ^8.0",
                "psr/http-message": "^1.0 || ^2.0"
            },
            "type": "library",
            "extra": {
                "branch-alias": {
                    "dev-master": "1.0.x-dev"
                }
            },
            "autoload": {
                "psr-4": {
                    "Psr\\Http\\Client\\": "src/"
                }
            },
            "notification-url": "https://packagist.org/downloads/",
            "license": [
                "MIT"
            ],
            "authors": [
                {
                    "name": "PHP-FIG",
                    "homepage": "https://www.php-fig.org/"
                }
            ],
            "description": "Common interface for HTTP clients",
            "homepage": "https://github.com/php-fig/http-client",
            "keywords": [
                "http",
                "http-client",
                "psr",
                "psr-18"
            ],
            "support": {
                "source": "https://github.com/php-fig/http-client"
            },
            "time": "2023-09-23T14:17:50+00:00"
        },
        {
            "name": "psr/http-message",
            "version": "2.0",
            "source": {
                "type": "git",
                "url": "https://github.com/php-fig/http-message.git",
                "reference": "402d35bcb92c70c026d1a6a9883f06b2ead23d71"
            },
            "dist": {
                "type": "zip",
                "url": "https://api.github.com/repos/php-fig/http-message/zipball/402d35bcb92c70c026d1a6a9883f06b2ead23d71",
                "reference": "402d35bcb92c70c026d1a6a9883f06b2ead23d71",
                "shasum": ""
            },
            "require": {
                "php": "^7.2 || ^8.0"
            },
            "type": "library",
            "extra": {
                "branch-alias": {
                    "dev-master": "2.0.x-dev"
                }
            },
            "autoload": {
                "psr-4": {
                    "Psr\\Http\\Message\\": "src/"
                }
            },
            "notification-url": "https://packagist.org/downloads/",
            "license": [
                "MIT"
            ],
            "authors": [
                {
                    "name": "PHP-FIG",
                    "homepage": "https://www.php-fig.org/"
                }
            ],
            "description": "Common interface for HTTP messages",
            "homepage": "https://github.com/php-fig/http-message",
            "keywords": [
                "http",
                "http-message",
                "psr",
                "psr-7",
                "request",
                "response"
            ],
            "support": {
                "source": "https://github.com/php-fig/http-message/tree/2.0"
            },
            "time": "2023-04-04T09:54:51+00:00"
        },
        {
            "name": "psr/log",
            "version": "3.0.0",
            "source": {
                "type": "git",
                "url": "https://github.com/php-fig/log.git",
                "reference": "fe5ea303b0887d5caefd3d431c3e61ad47037001"
            },
            "dist": {
                "type": "zip",
                "url": "https://api.github.com/repos/php-fig/log/zipball/fe5ea303b0887d5caefd3d431c3e61ad47037001",
                "reference": "fe5ea303b0887d5caefd3d431c3e61ad47037001",
                "shasum": ""
            },
            "require": {
                "php": ">=8.0.0"
            },
            "type": "library",
            "extra": {
                "branch-alias": {
                    "dev-master": "3.x-dev"
                }
            },
            "autoload": {
                "psr-4": {
                    "Psr\\Log\\": "src"
                }
            },
            "notification-url": "https://packagist.org/downloads/",
            "license": [
                "MIT"
            ],
            "authors": [
                {
                    "name": "PHP-FIG",
                    "homepage": "https://www.php-fig.org/"
                }
            ],
            "description": "Common interface for logging libraries",
            "homepage": "https://github.com/php-fig/log",
            "keywords": [
                "log",
                "psr",
                "psr-3"
            ],
            "support": {
                "source": "https://github.com/php-fig/log/tree/3.0.0"
            },
            "time": "2021-07-14T16:46:02+00:00"
        },
        {
            "name": "symfony/polyfill-mbstring",
            "version": "v1.28.0",
            "source": {
                "type": "git",
                "url": "https://github.com/symfony/polyfill-mbstring.git",
                "reference": "42292d99c55abe617799667f454222c54c60e229"
            },
            "dist": {
                "type": "zip",
                "url": "https://api.github.com/repos/symfony/polyfill-mbstring/zipball/42292d99c55abe617799667f454222c54c60e229",
                "reference": "42292d99c55abe617799667f454222c54c60e229",
                "shasum": ""
            },
            "require": {
                "php": ">=7.1"
            },
            "provide": {
                "ext-mbstring": "*"
            },
            "suggest": {
                "ext-mbstring": "For best performance"
            },
            "type": "library",
            "extra": {
                "branch-alias": {
                    "dev-main": "1.28-dev"
                },
                "thanks": {
                    "name": "symfony/polyfill",
                    "url": "https://github.com/symfony/polyfill"
                }
            },
            "autoload": {
                "files": [
                    "bootstrap.php"
                ],
                "psr-4": {
                    "Symfony\\Polyfill\\Mbstring\\": ""
                }
            },
            "notification-url": "https://packagist.org/downloads/",
            "license": [
                "MIT"
            ],
            "authors": [
                {
                    "name": "Nicolas Grekas",
                    "email": "p@tchwork.com"
                },
                {
                    "name": "Symfony Community",
                    "homepage": "https://symfony.com/contributors"
                }
            ],
            "description": "Symfony polyfill for the Mbstring extension",
            "homepage": "https://symfony.com",
            "keywords": [
                "compatibility",
                "mbstring",
                "polyfill",
                "portable",
                "shim"
            ],
            "support": {
                "source": "https://github.com/symfony/polyfill-mbstring/tree/v1.28.0"
            },
            "funding": [
                {
                    "url": "https://symfony.com/sponsor",
                    "type": "custom"
                },
                {
                    "url": "https://github.com/fabpot",
                    "type": "github"
                },
                {
                    "url": "https://tidelift.com/funding/github/packagist/symfony/symfony",
                    "type": "tidelift"
                }
            ],
            "time": "2023-07-28T09:04:16+00:00"
        },
        {
            "name": "symfony/polyfill-php80",
            "version": "v1.28.0",
            "source": {
                "type": "git",
                "url": "https://github.com/symfony/polyfill-php80.git",
                "reference": "6caa57379c4aec19c0a12a38b59b26487dcfe4b5"
            },
            "dist": {
                "type": "zip",
                "url": "https://api.github.com/repos/symfony/polyfill-php80/zipball/6caa57379c4aec19c0a12a38b59b26487dcfe4b5",
                "reference": "6caa57379c4aec19c0a12a38b59b26487dcfe4b5",
                "shasum": ""
            },
            "require": {
                "php": ">=7.1"
            },
            "type": "library",
            "extra": {
                "branch-alias": {
                    "dev-main": "1.28-dev"
                },
                "thanks": {
                    "name": "symfony/polyfill",
                    "url": "https://github.com/symfony/polyfill"
                }
            },
            "autoload": {
                "files": [
                    "bootstrap.php"
                ],
                "psr-4": {
                    "Symfony\\Polyfill\\Php80\\": ""
                },
                "classmap": [
                    "Resources/stubs"
                ]
            },
            "notification-url": "https://packagist.org/downloads/",
            "license": [
                "MIT"
            ],
            "authors": [
                {
                    "name": "Ion Bazan",
                    "email": "ion.bazan@gmail.com"
                },
                {
                    "name": "Nicolas Grekas",
                    "email": "p@tchwork.com"
                },
                {
                    "name": "Symfony Community",
                    "homepage": "https://symfony.com/contributors"
                }
            ],
            "description": "Symfony polyfill backporting some PHP 8.0+ features to lower PHP versions",
            "homepage": "https://symfony.com",
            "keywords": [
                "compatibility",
                "polyfill",
                "portable",
                "shim"
            ],
            "support": {
                "source": "https://github.com/symfony/polyfill-php80/tree/v1.28.0"
            },
            "funding": [
                {
                    "url": "https://symfony.com/sponsor",
                    "type": "custom"
                },
                {
                    "url": "https://github.com/fabpot",
                    "type": "github"
                },
                {
                    "url": "https://tidelift.com/funding/github/packagist/symfony/symfony",
                    "type": "tidelift"
                }
            ],
            "time": "2023-01-26T09:26:14+00:00"
        },
        {
            "name": "symfony/polyfill-php81",
            "version": "v1.28.0",
            "source": {
                "type": "git",
                "url": "https://github.com/symfony/polyfill-php81.git",
                "reference": "7581cd600fa9fd681b797d00b02f068e2f13263b"
            },
            "dist": {
                "type": "zip",
                "url": "https://api.github.com/repos/symfony/polyfill-php81/zipball/7581cd600fa9fd681b797d00b02f068e2f13263b",
                "reference": "7581cd600fa9fd681b797d00b02f068e2f13263b",
                "shasum": ""
            },
            "require": {
                "php": ">=7.1"
            },
            "type": "library",
            "extra": {
                "branch-alias": {
                    "dev-main": "1.28-dev"
                },
                "thanks": {
                    "name": "symfony/polyfill",
                    "url": "https://github.com/symfony/polyfill"
                }
            },
            "autoload": {
                "files": [
                    "bootstrap.php"
                ],
                "psr-4": {
                    "Symfony\\Polyfill\\Php81\\": ""
                },
                "classmap": [
                    "Resources/stubs"
                ]
            },
            "notification-url": "https://packagist.org/downloads/",
            "license": [
                "MIT"
            ],
            "authors": [
                {
                    "name": "Nicolas Grekas",
                    "email": "p@tchwork.com"
                },
                {
                    "name": "Symfony Community",
                    "homepage": "https://symfony.com/contributors"
                }
            ],
            "description": "Symfony polyfill backporting some PHP 8.1+ features to lower PHP versions",
            "homepage": "https://symfony.com",
            "keywords": [
                "compatibility",
                "polyfill",
                "portable",
                "shim"
            ],
            "support": {
                "source": "https://github.com/symfony/polyfill-php81/tree/v1.28.0"
            },
            "funding": [
                {
                    "url": "https://symfony.com/sponsor",
                    "type": "custom"
                },
                {
                    "url": "https://github.com/fabpot",
                    "type": "github"
                },
                {
                    "url": "https://tidelift.com/funding/github/packagist/symfony/symfony",
                    "type": "tidelift"
                }
            ],
            "time": "2023-01-26T09:26:14+00:00"
        },
        {
            "name": "symfony/polyfill-php82",
            "version": "v1.28.0",
            "source": {
                "type": "git",
                "url": "https://github.com/symfony/polyfill-php82.git",
                "reference": "7716bea9c86776fb3362d6b52fe1fc9471056a49"
            },
            "dist": {
                "type": "zip",
                "url": "https://api.github.com/repos/symfony/polyfill-php82/zipball/7716bea9c86776fb3362d6b52fe1fc9471056a49",
                "reference": "7716bea9c86776fb3362d6b52fe1fc9471056a49",
                "shasum": ""
            },
            "require": {
                "php": ">=7.1"
            },
            "type": "library",
            "extra": {
                "branch-alias": {
                    "dev-main": "1.28-dev"
                },
                "thanks": {
                    "name": "symfony/polyfill",
                    "url": "https://github.com/symfony/polyfill"
                }
            },
            "autoload": {
                "files": [
                    "bootstrap.php"
                ],
                "psr-4": {
                    "Symfony\\Polyfill\\Php82\\": ""
                },
                "classmap": [
                    "Resources/stubs"
                ]
            },
            "notification-url": "https://packagist.org/downloads/",
            "license": [
                "MIT"
            ],
            "authors": [
                {
                    "name": "Nicolas Grekas",
                    "email": "p@tchwork.com"
                },
                {
                    "name": "Symfony Community",
                    "homepage": "https://symfony.com/contributors"
                }
            ],
            "description": "Symfony polyfill backporting some PHP 8.2+ features to lower PHP versions",
            "homepage": "https://symfony.com",
            "keywords": [
                "compatibility",
                "polyfill",
                "portable",
                "shim"
            ],
            "support": {
                "source": "https://github.com/symfony/polyfill-php82/tree/v1.28.0"
            },
            "funding": [
                {
                    "url": "https://symfony.com/sponsor",
                    "type": "custom"
                },
                {
                    "url": "https://github.com/fabpot",
                    "type": "github"
                },
                {
                    "url": "https://tidelift.com/funding/github/packagist/symfony/symfony",
                    "type": "tidelift"
                }
            ],
            "time": "2023-08-25T17:27:25+00:00"
        }
    ],
    "packages-dev": [],
    "aliases": [],
    "minimum-stability": "stable",
    "stability-flags": [],
    "prefer-stable": false,
    "prefer-lowest": false,
    "platform": [],
    "platform-dev": [],
    "plugin-api-version": "2.6.0"
}
